
Microsoft Visual Studio Solution File, Format Version 12.00
# Visual Studio 15
VisualStudioVersion = 15.0.28307.1525
MinimumVisualStudioVersion = 10.0.40219.1
Project("{FAE04EC0-301F-11D3-BF4B-00C04F79EFBC}") = "FronDeskApp", "FronDeskApp\FronDeskApp.csproj", "{CF7F30D6-D918-4825-A227-8E1CC23A1039}"
EndProject
Global
	GlobalSection(SolutionConfigurationPlatforms) = preSolution
		Debug|Any CPU = Debug|Any CPU
		Release|Any CPU = Release|Any CPU
	EndGlobalSection
	GlobalSection(ProjectConfigurationPlatforms) = postSolution
		{CF7F30D6-D918-4825-A227-8E1CC23A1039}.Debug|Any CPU.ActiveCfg = Debug|Any CPU
		{CF7F30D6-D918-4825-A227-8E1CC23A1039}.Debug|Any CPU.Build.0 = Debug|Any CPU
		{CF7F30D6-D918-4825-A227-8E1CC23A1039}.Release|Any CPU.ActiveCfg = Release|Any CPU
		{CF7F30D6-D918-4825-A227-8E1CC23A1039}.Release|Any CPU.Build.0 = Release|Any CPU
	EndGlobalSection
	GlobalSection(SolutionProperties) = preSolution
		HideSolutionNode = FALSE
	EndGlobalSection
	GlobalSection(ExtensibilityGlobals) = postSolution
		SolutionGuid = {DF48FBAD-109F-4858-8582-5C0AA3D210FB}
	EndGlobalSection
EndGlobal
